{
  "nodes": {
    "flake-compat": {
      "flake": false,
      "locked": {
        "lastModified": 1627913399,
        "narHash": "sha256-hY8g6H2KFL8ownSiFeMOjwPC8P0ueXpCVEbxgda3pko=",
        "owner": "edolstra",
        "repo": "flake-compat",
        "rev": "12c64ca55c1014cdc1b16ed5a804aa8576601ff2",
        "type": "github"
      },
      "original": {
        "owner": "edolstra",
        "repo": "flake-compat",
        "type": "github"
      }
    },
    "flake-utils": {
      "locked": {
        "lastModified": 1631561581,
        "narHash": "sha256-3VQMV5zvxaVLvqqUrNz3iJelLw30mIVSfZmAaauM3dA=",
        "owner": "numtide",
        "repo": "flake-utils",
        "rev": "7e5bf3925f6fbdfaf50a2a7ca0be2879c4261d19",
        "type": "github"
      },
      "original": {
        "owner": "numtide",
        "repo": "flake-utils",
        "type": "github"
      }
    },
    "lowdown-src": {
      "flake": false,
      "locked": {
        "lastModified": 1628247802,
        "narHash": "sha256-4XSXGYvKqogR7bubyqYNwBHYCtrIn6XRGXj6+u+BXNs=",
        "owner": "kristapsdz",
        "repo": "lowdown",
        "rev": "b4483d0ef85990f54b864158ab786b4a5b3904fa",
        "type": "github"
      },
      "original": {
        "owner": "kristapsdz",
        "ref": "VERSION_0_8_6",
        "repo": "lowdown",
        "type": "github"
      }
    },
    "nix-unstable": {
      "inputs": {
        "lowdown-src": "lowdown-src",
        "nixpkgs": "nixpkgs"
      },
      "locked": {
        "lastModified": 1632388390,
        "narHash": "sha256-fo3r7B8o5qsffN4oTpjOzEWEnHRKARvgCIrWPZtCU+w=",
        "owner": "nixos",
        "repo": "nix",
        "rev": "1359c2c19a06e3e8b4d59b4e8d1378324322b428",
        "type": "github"
      },
      "original": {
        "owner": "nixos",
        "repo": "nix",
        "type": "github"
      }
    },
    "nixpkgs": {
      "locked": {
        "lastModified": 1628689438,
        "narHash": "sha256-YMINW6YmubHZVdliGsAJpnnMYXRrvppv59LgwtnyYhs=",
        "owner": "NixOS",
        "repo": "nixpkgs",
        "rev": "f6551e1efa261568c82b76c3a582b2c2ceb1f53f",
        "type": "github"
      },
      "original": {
        "id": "nixpkgs",
        "ref": "nixos-21.05-small",
        "type": "indirect"
      }
    },
    "nixpkgs_2": {
      "locked": {
        "lastModified": 1632314769,
        "narHash": "sha256-HcpNkuXRaFwlth8R0gwvThuQ2oWHbWrzWI+Ds743BVI=",
        "owner": "serokell",
        "repo": "nixpkgs",
        "rev": "96ed601a71a50989e1a849773ce937260be89941",
        "type": "github"
      },
      "original": {
        "owner": "serokell",
        "repo": "nixpkgs",
        "type": "github"
      }
    },
    "root": {
      "inputs": {
        "flake-compat": "flake-compat",
        "flake-utils": "flake-utils",
        "nix-unstable": "nix-unstable",
        "nixpkgs": "nixpkgs_2"
      }
    }
  },
  "root": "root",
  "version": 7
}
